// !$*UTF8*$!
{
	archiveVersion = 1;
	classes = {
	};
	objectVersion = 50;
	objects = {

/* Begin PBXBuildFile section */
		D92A64E123EC52090089C0A5 /* CommandlineParser.swift in Sources */ = {isa = PBXBuildFile; fileRef = D92A64E023EC52090089C0A5 /* CommandlineParser.swift */; };
		D92A64E323EC59670089C0A5 /* MintError.swift in Sources */ = {isa = PBXBuildFile; fileRef = D92A64E223EC59670089C0A5 /* MintError.swift */; };
		D93E242523E80EEE00E8F18A /* Generated.swift in Sources */ = {isa = PBXBuildFile; fileRef = D93E242423E80EEE00E8F18A /* Generated.swift */; };
		D93E242623E8112B00E8F18A /* Generated.swift in CopyFiles */ = {isa = PBXBuildFile; fileRef = D93E242423E80EEE00E8F18A /* Generated.swift */; };
		D976513523EC0B350071876B /* OutputGenerator.swift in Sources */ = {isa = PBXBuildFile; fileRef = D976513423EC0B350071876B /* OutputGenerator.swift */; };
		D989C3112392A8AC00A2DBBE /* Localizable.strings in CopyFiles */ = {isa = PBXBuildFile; fileRef = D9A603FA2392A80600F1F6D5 /* Localizable.strings */; };
		D989C3132392B1D000A2DBBE /* FileHandler.swift in Sources */ = {isa = PBXBuildFile; fileRef = D989C3122392B1D000A2DBBE /* FileHandler.swift */; };
		D989C3152392B31100A2DBBE /* Extensions.swift in Sources */ = {isa = PBXBuildFile; fileRef = D989C3142392B31100A2DBBE /* Extensions.swift */; };
		D989C3172392B35400A2DBBE /* Constants.swift in Sources */ = {isa = PBXBuildFile; fileRef = D989C3162392B35400A2DBBE /* Constants.swift */; };
		D989C3192392B3D100A2DBBE /* Translate.swift in Sources */ = {isa = PBXBuildFile; fileRef = D989C3182392B3D100A2DBBE /* Translate.swift */; };
		D989C31B2392B47D00A2DBBE /* Mint.swift in Sources */ = {isa = PBXBuildFile; fileRef = D989C31A2392B47D00A2DBBE /* Mint.swift */; };
		D989C31D2392B5CD00A2DBBE /* Logger.swift in Sources */ = {isa = PBXBuildFile; fileRef = D989C31C2392B5CD00A2DBBE /* Logger.swift */; };
		D9A603F12392A52900F1F6D5 /* main.swift in Sources */ = {isa = PBXBuildFile; fileRef = D9A603F02392A52900F1F6D5 /* main.swift */; };
		D9D029AA23ED395700AF91DD /* CommandlineColor.swift in Sources */ = {isa = PBXBuildFile; fileRef = D9D029A923ED395700AF91DD /* CommandlineColor.swift */; };
/* End PBXBuildFile section */

/* Begin PBXCopyFilesBuildPhase section */
		D9A603EB2392A52900F1F6D5 /* CopyFiles */ = {
			isa = PBXCopyFilesBuildPhase;
			buildActionMask = 12;
			dstPath = .;
			dstSubfolderSpec = 16;
			files = (
				D93E242623E8112B00E8F18A /* Generated.swift in CopyFiles */,
				D989C3112392A8AC00A2DBBE /* Localizable.strings in CopyFiles */,
			);
			runOnlyForDeploymentPostprocessing = 0;
		};
/* End PBXCopyFilesBuildPhase section */

/* Begin PBXFileReference section */
		D92A64E023EC52090089C0A5 /* CommandlineParser.swift */ = {isa = PBXFileReference; lastKnownFileType = sourcecode.swift; path = CommandlineParser.swift; sourceTree = "<group>"; };
		D92A64E223EC59670089C0A5 /* MintError.swift */ = {isa = PBXFileReference; lastKnownFileType = sourcecode.swift; path = MintError.swift; sourceTree = "<group>"; };
		D93E242423E80EEE00E8F18A /* Generated.swift */ = {isa = PBXFileReference; lastKnownFileType = sourcecode.swift; path = Generated.swift; sourceTree = "<group>"; };
		D976513423EC0B350071876B /* OutputGenerator.swift */ = {isa = PBXFileReference; lastKnownFileType = sourcecode.swift; path = OutputGenerator.swift; sourceTree = "<group>"; };
		D989C3122392B1D000A2DBBE /* FileHandler.swift */ = {isa = PBXFileReference; lastKnownFileType = sourcecode.swift; path = FileHandler.swift; sourceTree = "<group>"; };
		D989C3142392B31100A2DBBE /* Extensions.swift */ = {isa = PBXFileReference; lastKnownFileType = sourcecode.swift; path = Extensions.swift; sourceTree = "<group>"; };
		D989C3162392B35400A2DBBE /* Constants.swift */ = {isa = PBXFileReference; lastKnownFileType = sourcecode.swift; path = Constants.swift; sourceTree = "<group>"; };
		D989C3182392B3D100A2DBBE /* Translate.swift */ = {isa = PBXFileReference; lastKnownFileType = sourcecode.swift; path = Translate.swift; sourceTree = "<group>"; };
		D989C31A2392B47D00A2DBBE /* Mint.swift */ = {isa = PBXFileReference; lastKnownFileType = sourcecode.swift; path = Mint.swift; sourceTree = "<group>"; };
		D989C31C2392B5CD00A2DBBE /* Logger.swift */ = {isa = PBXFileReference; lastKnownFileType = sourcecode.swift; path = Logger.swift; sourceTree = "<group>"; };
		D9A603ED2392A52900F1F6D5 /* Mint */ = {isa = PBXFileReference; explicitFileType = "compiled.mach-o.executable"; includeInIndex = 0; path = Mint; sourceTree = BUILT_PRODUCTS_DIR; };
		D9A603F02392A52900F1F6D5 /* main.swift */ = {isa = PBXFileReference; lastKnownFileType = sourcecode.swift; path = main.swift; sourceTree = "<group>"; };
		D9A603FA2392A80600F1F6D5 /* Localizable.strings */ = {isa = PBXFileReference; lastKnownFileType = text.plist.strings; path = Localizable.strings; sourceTree = "<group>"; };
		D9D029A923ED395700AF91DD /* CommandlineColor.swift */ = {isa = PBXFileReference; lastKnownFileType = sourcecode.swift; path = CommandlineColor.swift; sourceTree = "<group>"; };
/* End PBXFileReference section */

/* Begin PBXFrameworksBuildPhase section */
		D9A603EA2392A52900F1F6D5 /* Frameworks */ = {
			isa = PBXFrameworksBuildPhase;
			buildActionMask = 2147483647;
			files = (
			);
			runOnlyForDeploymentPostprocessing = 0;
		};
/* End PBXFrameworksBuildPhase section */

/* Begin PBXGroup section */
		D92A64E423EC5AC40089C0A5 /* Operation */ = {
			isa = PBXGroup;
			children = (
				D989C31A2392B47D00A2DBBE /* Mint.swift */,
				D989C3122392B1D000A2DBBE /* FileHandler.swift */,
				D976513423EC0B350071876B /* OutputGenerator.swift */,
			);
			path = Operation;
			sourceTree = "<group>";
		};
		D92A64E523EC5AC70089C0A5 /* App */ = {
			isa = PBXGroup;
			children = (
				D989C3162392B35400A2DBBE /* Constants.swift */,
				D989C3182392B3D100A2DBBE /* Translate.swift */,
				D989C3142392B31100A2DBBE /* Extensions.swift */,
			);
			path = App;
			sourceTree = "<group>";
		};
		D92A64E623EC5ACA0089C0A5 /* Helper */ = {
			isa = PBXGroup;
			children = (
				D92A64E023EC52090089C0A5 /* CommandlineParser.swift */,
				D989C31C2392B5CD00A2DBBE /* Logger.swift */,
				D92A64E223EC59670089C0A5 /* MintError.swift */,
				D9D029A923ED395700AF91DD /* CommandlineColor.swift */,
			);
			path = Helper;
			sourceTree = "<group>";
		};
		D9A603E42392A52900F1F6D5 = {
			isa = PBXGroup;
			children = (
				D9A603EF2392A52900F1F6D5 /* Mint */,
				D9A603EE2392A52900F1F6D5 /* Products */,
			);
			sourceTree = "<group>";
		};
		D9A603EE2392A52900F1F6D5 /* Products */ = {
			isa = PBXGroup;
			children = (
				D9A603ED2392A52900F1F6D5 /* Mint */,
			);
			name = Products;
			sourceTree = "<group>";
		};
		D9A603EF2392A52900F1F6D5 /* Mint */ = {
			isa = PBXGroup;
			children = (
				D9A603F72392A78900F1F6D5 /* Mint */,
				D9A603F82392A7B000F1F6D5 /* MintCore */,
				D9A603F92392A7EC00F1F6D5 /* Resource */,
			);
			path = Mint;
			sourceTree = "<group>";
		};
		D9A603F72392A78900F1F6D5 /* Mint */ = {
			isa = PBXGroup;
			children = (
				D9A603F02392A52900F1F6D5 /* main.swift */,
			);
			path = Mint;
			sourceTree = "<group>";
		};
		D9A603F82392A7B000F1F6D5 /* MintCore */ = {
			isa = PBXGroup;
			children = (
				D92A64E623EC5ACA0089C0A5 /* Helper */,
				D92A64E523EC5AC70089C0A5 /* App */,
				D92A64E423EC5AC40089C0A5 /* Operation */,
			);
			path = MintCore;
			sourceTree = "<group>";
		};
		D9A603F92392A7EC00F1F6D5 /* Resource */ = {
			isa = PBXGroup;
			children = (
				D9A603FA2392A80600F1F6D5 /* Localizable.strings */,
				D93E242423E80EEE00E8F18A /* Generated.swift */,
			);
			path = Resource;
			sourceTree = "<group>";
		};
/* End PBXGroup section */

/* Begin PBXNativeTarget section */
		D9A603EC2392A52900F1F6D5 /* Mint */ = {
			isa = PBXNativeTarget;
			buildConfigurationList = D9A603F42392A52900F1F6D5 /* Build configuration list for PBXNativeTarget "Mint" */;
			buildPhases = (
				D9A603E92392A52900F1F6D5 /* Sources */,
				D9A603EA2392A52900F1F6D5 /* Frameworks */,
				D9A603EB2392A52900F1F6D5 /* CopyFiles */,
			);
			buildRules = (
			);
			dependencies = (
			);
			name = Mint;
			productName = Mint;
			productReference = D9A603ED2392A52900F1F6D5 /* Mint */;
			productType = "com.apple.product-type.tool";
		};
/* End PBXNativeTarget section */

/* Begin PBXProject section */
		D9A603E52392A52900F1F6D5 /* Project object */ = {
			isa = PBXProject;
			attributes = {
				LastSwiftUpdateCheck = 1120;
				LastUpgradeCheck = 1130;
				ORGANIZATIONNAME = "Mustafa GUNES";
				TargetAttributes = {
					D9A603EC2392A52900F1F6D5 = {
						CreatedOnToolsVersion = 11.2.1;
					};
				};
			};
			buildConfigurationList = D9A603E82392A52900F1F6D5 /* Build configuration list for PBXProject "Mint" */;
			compatibilityVersion = "Xcode 9.3";
			developmentRegion = en;
			hasScannedForEncodings = 0;
			knownRegions = (
				en,
				Base,
			);
			mainGroup = D9A603E42392A52900F1F6D5;
			productRefGroup = D9A603EE2392A52900F1F6D5 /* Products */;
			projectDirPath = "";
			projectRoot = "";
			targets = (
				D9A603EC2392A52900F1F6D5 /* Mint */,
			);
		};
/* End PBXProject section */

/* Begin PBXSourcesBuildPhase section */
		D9A603E92392A52900F1F6D5 /* Sources */ = {
			isa = PBXSourcesBuildPhase;
			buildActionMask = 2147483647;
			files = (
				D989C3132392B1D000A2DBBE /* FileHandler.swift in Sources */,
				D93E242523E80EEE00E8F18A /* Generated.swift in Sources */,
				D989C3152392B31100A2DBBE /* Extensions.swift in Sources */,
				D9D029AA23ED395700AF91DD /* CommandlineColor.swift in Sources */,
				D9A603F12392A52900F1F6D5 /* main.swift in Sources */,
				D989C31B2392B47D00A2DBBE /* Mint.swift in Sources */,
				D989C31D2392B5CD00A2DBBE /* Logger.swift in Sources */,
				D92A64E323EC59670089C0A5 /* MintError.swift in Sources */,
				D976513523EC0B350071876B /* OutputGenerator.swift in Sources */,
				D989C3172392B35400A2DBBE /* Constants.swift in Sources */,
				D92A64E123EC52090089C0A5 /* CommandlineParser.swift in Sources */,
				D989C3192392B3D100A2DBBE /* Translate.swift in Sources */,
			);
			runOnlyForDeploymentPostprocessing = 0;
		};
/* End PBXSourcesBuildPhase section */

/* Begin XCBuildConfiguration section */
		D9A603F22392A52900F1F6D5 /* Debug */ = {
			isa = XCBuildConfiguration;
			buildSettings = {
				ALWAYS_SEARCH_USER_PATHS = NO;
				CLANG_ANALYZER_NONNULL = YES;
				CLANG_ANALYZER_NUMBER_OBJECT_CONVERSION = YES_AGGRESSIVE;
				CLANG_CXX_LANGUAGE_STANDARD = "gnu++14";
				CLANG_CXX_LIBRARY = "libc++";
				CLANG_ENABLE_MODULES = YES;
				CLANG_ENABLE_OBJC_ARC = YES;
				CLANG_ENABLE_OBJC_WEAK = YES;
				CLANG_WARN_BLOCK_CAPTURE_AUTORELEASING = YES;
				CLANG_WARN_BOOL_CONVERSION = YES;
				CLANG_WARN_COMMA = YES;
				CLANG_WARN_CONSTANT_CONVERSION = YES;
				CLANG_WARN_DEPRECATED_OBJC_IMPLEMENTATIONS = YES;
				CLANG_WARN_DIRECT_OBJC_ISA_USAGE = YES_ERROR;
				CLANG_WARN_DOCUMENTATION_COMMENTS = YES;
				CLANG_WARN_EMPTY_BODY = YES;
				CLANG_WARN_ENUM_CONVERSION = YES;
				CLANG_WARN_INFINITE_RECURSION = YES;
				CLANG_WARN_INT_CONVERSION = YES;
				CLANG_WARN_NON_LITERAL_NULL_CONVERSION = YES;
				CLANG_WARN_OBJC_IMPLICIT_RETAIN_SELF = YES;
				CLANG_WARN_OBJC_LITERAL_CONVERSION = YES;
				CLANG_WARN_OBJC_ROOT_CLASS = YES_ERROR;
				CLANG_WARN_RANGE_LOOP_ANALYSIS = YES;
				CLANG_WARN_STRICT_PROTOTYPES = YES;
				CLANG_WARN_SUSPICIOUS_MOVE = YES;
				CLANG_WARN_UNGUARDED_AVAILABILITY = YES_AGGRESSIVE;
				CLANG_WARN_UNREACHABLE_CODE = YES;
				CLANG_WARN__DUPLICATE_METHOD_MATCH = YES;
				COPY_PHASE_STRIP = NO;
				DEBUG_INFORMATION_FORMAT = dwarf;
				ENABLE_STRICT_OBJC_MSGSEND = YES;
				ENABLE_TESTABILITY = YES;
				GCC_C_LANGUAGE_STANDARD = gnu11;
				GCC_DYNAMIC_NO_PIC = NO;
				GCC_NO_COMMON_BLOCKS = YES;
				GCC_OPTIMIZATION_LEVEL = 0;
				GCC_PREPROCESSOR_DEFINITIONS = (
					"DEBUG=1",
					"$(inherited)",
				);
				GCC_WARN_64_TO_32_BIT_CONVERSION = YES;
				GCC_WARN_ABOUT_RETURN_TYPE = YES_ERROR;
				GCC_WARN_UNDECLARED_SELECTOR = YES;
				GCC_WARN_UNINITIALIZED_AUTOS = YES_AGGRESSIVE;
				GCC_WARN_UNUSED_FUNCTION = YES;
				GCC_WARN_UNUSED_VARIABLE = YES;
				MACOSX_DEPLOYMENT_TARGET = 10.15;
				MTL_ENABLE_DEBUG_INFO = INCLUDE_SOURCE;
				MTL_FAST_MATH = YES;
				ONLY_ACTIVE_ARCH = YES;
				SDKROOT = macosx;
				SWIFT_ACTIVE_COMPILATION_CONDITIONS = DEBUG;
				SWIFT_OPTIMIZATION_LEVEL = "-Onone";
			};
			name = Debug;
		};
		D9A603F32392A52900F1F6D5 /* Release */ = {
			isa = XCBuildConfiguration;
			buildSettings = {
				ALWAYS_SEARCH_USER_PATHS = NO;
				CLANG_ANALYZER_NONNULL = YES;
				CLANG_ANALYZER_NUMBER_OBJECT_CONVERSION = YES_AGGRESSIVE;
				CLANG_CXX_LANGUAGE_STANDARD = "gnu++14";
				CLANG_CXX_LIBRARY = "libc++";
				CLANG_ENABLE_MODULES = YES;
				CLANG_ENABLE_OBJC_ARC = YES;
				CLANG_ENABLE_OBJC_WEAK = YES;
				CLANG_WARN_BLOCK_CAPTURE_AUTORELEASING = YES;
				CLANG_WARN_BOOL_CONVERSION = YES;
				CLANG_WARN_COMMA = YES;
				CLANG_WARN_CONSTANT_CONVERSION = YES;
				CLANG_WARN_DEPRECATED_OBJC_IMPLEMENTATIONS = YES;
				CLANG_WARN_DIRECT_OBJC_ISA_USAGE = YES_ERROR;
				CLANG_WARN_DOCUMENTATION_COMMENTS = YES;
				CLANG_WARN_EMPTY_BODY = YES;
				CLANG_WARN_ENUM_CONVERSION = YES;
				CLANG_WARN_INFINITE_RECURSION = YES;
				CLANG_WARN_INT_CONVERSION = YES;
				CLANG_WARN_NON_LITERAL_NULL_CONVERSION = YES;
				CLANG_WARN_OBJC_IMPLICIT_RETAIN_SELF = YES;
				CLANG_WARN_OBJC_LITERAL_CONVERSION = YES;
				CLANG_WARN_OBJC_ROOT_CLASS = YES_ERROR;
				CLANG_WARN_RANGE_LOOP_ANALYSIS = YES;
				CLANG_WARN_STRICT_PROTOTYPES = YES;
				CLANG_WARN_SUSPICIOUS_MOVE = YES;
				CLANG_WARN_UNGUARDED_AVAILABILITY = YES_AGGRESSIVE;
				CLANG_WARN_UNREACHABLE_CODE = YES;
				CLANG_WARN__DUPLICATE_METHOD_MATCH = YES;
				COPY_PHASE_STRIP = NO;
				DEBUG_INFORMATION_FORMAT = "dwarf-with-dsym";
				ENABLE_NS_ASSERTIONS = NO;
				ENABLE_STRICT_OBJC_MSGSEND = YES;
				GCC_C_LANGUAGE_STANDARD = gnu11;
				GCC_NO_COMMON_BLOCKS = YES;
				GCC_WARN_64_TO_32_BIT_CONVERSION = YES;
				GCC_WARN_ABOUT_RETURN_TYPE = YES_ERROR;
				GCC_WARN_UNDECLARED_SELECTOR = YES;
				GCC_WARN_UNINITIALIZED_AUTOS = YES_AGGRESSIVE;
				GCC_WARN_UNUSED_FUNCTION = YES;
				GCC_WARN_UNUSED_VARIABLE = YES;
				MACOSX_DEPLOYMENT_TARGET = 10.15;
				MTL_ENABLE_DEBUG_INFO = NO;
				MTL_FAST_MATH = YES;
				SDKROOT = macosx;
				SWIFT_COMPILATION_MODE = wholemodule;
				SWIFT_OPTIMIZATION_LEVEL = "-O";
			};
			name = Release;
		};
		D9A603F52392A52900F1F6D5 /* Debug */ = {
			isa = XCBuildConfiguration;
			buildSettings = {
				CODE_SIGN_IDENTITY = "-";
				CODE_SIGN_STYLE = Automatic;
				DEVELOPMENT_TEAM = 8DVHX5WRRH;
				ENABLE_HARDENED_RUNTIME = YES;
				PRODUCT_NAME = "$(TARGET_NAME)";
				SWIFT_VERSION = 5.0;
			};
			name = Debug;
		};
		D9A603F62392A52900F1F6D5 /* Release */ = {
			isa = XCBuildConfiguration;
			buildSettings = {
				CODE_SIGN_IDENTITY = "-";
				CODE_SIGN_STYLE = Automatic;
				DEVELOPMENT_TEAM = 8DVHX5WRRH;
				ENABLE_HARDENED_RUNTIME = YES;
				PRODUCT_NAME = "$(TARGET_NAME)";
				SWIFT_VERSION = 5.0;
			};
			name = Release;
		};
/* End XCBuildConfiguration section */

/* Begin XCConfigurationList section */
		D9A603E82392A52900F1F6D5 /* Build configuration list for PBXProject "Mint" */ = {
			isa = XCConfigurationList;
			buildConfigurations = (
				D9A603F22392A52900F1F6D5 /* Debug */,
				D9A603F32392A52900F1F6D5 /* Release */,
			);
			defaultConfigurationIsVisible = 0;
			defaultConfigurationName = Release;
		};
		D9A603F42392A52900F1F6D5 /* Build configuration list for PBXNativeTarget "Mint" */ = {
			isa = XCConfigurationList;
			buildConfigurations = (
				D9A603F52392A52900F1F6D5 /* Debug */,
				D9A603F62392A52900F1F6D5 /* Release */,
			);
			defaultConfigurationIsVisible = 0;
			defaultConfigurationName = Release;
		};
/* End XCConfigurationList section */
	};
	rootObject = D9A603E52392A52900F1F6D5 /* Project object */;
}
